
Microsoft Visual Studio Solution File, Format Version 12.00
# Visual Studio 15
VisualStudioVersion = 15.0.28010.2003
MinimumVisualStudioVersion = 10.0.40219.1
Project("{FAE04EC0-301F-11D3-BF4B-00C04F79EFBC}") = "ERP_Demo", "ERP_Demo\ERP_Demo.csproj", "{61FF308B-FCA8-41F9-9937-808A8175EF8F}"
EndProject
Global
	GlobalSection(SolutionConfigurationPlatforms) = preSolution
		Debug|Any CPU = Debug|Any CPU
		Release|Any CPU = Release|Any CPU
	EndGlobalSection
	GlobalSection(ProjectConfigurationPlatforms) = postSolution
		{61FF308B-FCA8-41F9-9937-808A8175EF8F}.Debug|Any CPU.ActiveCfg = Debug|Any CPU
		{61FF308B-FCA8-41F9-9937-808A8175EF8F}.Debug|Any CPU.Build.0 = Debug|Any CPU
		{61FF308B-FCA8-41F9-9937-808A8175EF8F}.Release|Any CPU.ActiveCfg = Release|Any CPU
		{61FF308B-FCA8-41F9-9937-808A8175EF8F}.Release|Any CPU.Build.0 = Release|Any CPU
	EndGlobalSection
	GlobalSection(SolutionProperties) = preSolution
		HideSolutionNode = FALSE
	EndGlobalSection
	GlobalSection(ExtensibilityGlobals) = postSolution
		SolutionGuid = {0F327B0B-C853-4A17-B037-68D9E920110F}
	EndGlobalSection
EndGlobal
